
Microsoft Visual Studio Solution File, Format Version 12.00
# Visual Studio Version 17
VisualStudioVersion = 17.8.34322.80
MinimumVisualStudioVersion = 10.0.40219.1
Project("{9A19103F-16F7-4668-BE54-9A1E7A4F7556}") = "InvoiceTrack", "InvoiceTrack.csproj", "{00A034BC-E7D1-49D8-916D-D836EE9DB11B}"
EndProject
Project("{9A19103F-16F7-4668-BE54-9A1E7A4F7556}") = "InvoiceTracker", "..\InvoiceTracker\InvoiceTracker.csproj", "{4F900D00-9E58-4DD0-AB43-A441C3972F9B}"
EndProject
Project("{9A19103F-16F7-4668-BE54-9A1E7A4F7556}") = "TescasesXunit", "..\TescasesXunit\TescasesXunit.csproj", "{D880E6E9-999D-4D41-BAAB-8B6A129CDD76}"
EndProject
Global
	GlobalSection(SolutionConfigurationPlatforms) = preSolution
		Debug|Any CPU = Debug|Any CPU
		Release|Any CPU = Release|Any CPU
	EndGlobalSection
	GlobalSection(ProjectConfigurationPlatforms) = postSolution
		{00A034BC-E7D1-49D8-916D-D836EE9DB11B}.Debug|Any CPU.ActiveCfg = Debug|Any CPU
		{00A034BC-E7D1-49D8-916D-D836EE9DB11B}.Debug|Any CPU.Build.0 = Debug|Any CPU
		{00A034BC-E7D1-49D8-916D-D836EE9DB11B}.Release|Any CPU.ActiveCfg = Release|Any CPU
		{00A034BC-E7D1-49D8-916D-D836EE9DB11B}.Release|Any CPU.Build.0 = Release|Any CPU
		{4F900D00-9E58-4DD0-AB43-A441C3972F9B}.Debug|Any CPU.ActiveCfg = Debug|Any CPU
		{4F900D00-9E58-4DD0-AB43-A441C3972F9B}.Debug|Any CPU.Build.0 = Debug|Any CPU
		{4F900D00-9E58-4DD0-AB43-A441C3972F9B}.Release|Any CPU.ActiveCfg = Release|Any CPU
		{4F900D00-9E58-4DD0-AB43-A441C3972F9B}.Release|Any CPU.Build.0 = Release|Any CPU
		{D880E6E9-999D-4D41-BAAB-8B6A129CDD76}.Debug|Any CPU.ActiveCfg = Debug|Any CPU
		{D880E6E9-999D-4D41-BAAB-8B6A129CDD76}.Debug|Any CPU.Build.0 = Debug|Any CPU
		{D880E6E9-999D-4D41-BAAB-8B6A129CDD76}.Release|Any CPU.ActiveCfg = Release|Any CPU
		{D880E6E9-999D-4D41-BAAB-8B6A129CDD76}.Release|Any CPU.Build.0 = Release|Any CPU
	EndGlobalSection
	GlobalSection(SolutionProperties) = preSolution
		HideSolutionNode = FALSE
	EndGlobalSection
	GlobalSection(ExtensibilityGlobals) = postSolution
		SolutionGuid = {782814BE-829E-4C30-BD4E-542F1AEFF1B9}
	EndGlobalSection
EndGlobal
